
Microsoft Visual Studio Solution File, Format Version 12.00
# Visual Studio Version 17
VisualStudioVersion = 17.3.32819.101
MinimumVisualStudioVersion = 10.0.40219.1
Project("{FAE04EC0-301F-11D3-BF4B-00C04F79EFBC}") = "Proyecto_Final", "Proyecto_Final\Proyecto_Final.csproj", "{7F92C6AA-B8D7-4965-B456-D2EA7BE8C798}"
EndProject
Global
	GlobalSection(SolutionConfigurationPlatforms) = preSolution
		Debug|Any CPU = Debug|Any CPU
		Release|Any CPU = Release|Any CPU
	EndGlobalSection
	GlobalSection(ProjectConfigurationPlatforms) = postSolution
		{7F92C6AA-B8D7-4965-B456-D2EA7BE8C798}.Debug|Any CPU.ActiveCfg = Debug|Any CPU
		{7F92C6AA-B8D7-4965-B456-D2EA7BE8C798}.Debug|Any CPU.Build.0 = Debug|Any CPU
		{7F92C6AA-B8D7-4965-B456-D2EA7BE8C798}.Release|Any CPU.ActiveCfg = Release|Any CPU
		{7F92C6AA-B8D7-4965-B456-D2EA7BE8C798}.Release|Any CPU.Build.0 = Release|Any CPU
	EndGlobalSection
	GlobalSection(SolutionProperties) = preSolution
		HideSolutionNode = FALSE
	EndGlobalSection
	GlobalSection(ExtensibilityGlobals) = postSolution
		SolutionGuid = {462E15F0-9F41-4FC4-B12C-572046C76D9B}
	EndGlobalSection
EndGlobal
