
Microsoft Visual Studio Solution File, Format Version 12.00
# Visual Studio Version 17
VisualStudioVersion = 17.3.32819.101
MinimumVisualStudioVersion = 10.0.40219.1
Project("{FAE04EC0-301F-11D3-BF4B-00C04F79EFBC}") = "KitBotones", "KitBotones\KitBotones.csproj", "{0DA45934-9964-4679-912D-BC322437F9E6}"
EndProject
Project("{FAE04EC0-301F-11D3-BF4B-00C04F79EFBC}") = "Prueba", "Prueba\Prueba.csproj", "{A4D634D7-DC92-4B26-99D2-2D8916DA6C65}"
EndProject
Global
	GlobalSection(SolutionConfigurationPlatforms) = preSolution
		Debug|Any CPU = Debug|Any CPU
		Release|Any CPU = Release|Any CPU
	EndGlobalSection
	GlobalSection(ProjectConfigurationPlatforms) = postSolution
		{0DA45934-9964-4679-912D-BC322437F9E6}.Debug|Any CPU.ActiveCfg = Debug|Any CPU
		{0DA45934-9964-4679-912D-BC322437F9E6}.Debug|Any CPU.Build.0 = Debug|Any CPU
		{0DA45934-9964-4679-912D-BC322437F9E6}.Release|Any CPU.ActiveCfg = Release|Any CPU
		{0DA45934-9964-4679-912D-BC322437F9E6}.Release|Any CPU.Build.0 = Release|Any CPU
		{A4D634D7-DC92-4B26-99D2-2D8916DA6C65}.Debug|Any CPU.ActiveCfg = Debug|Any CPU
		{A4D634D7-DC92-4B26-99D2-2D8916DA6C65}.Debug|Any CPU.Build.0 = Debug|Any CPU
		{A4D634D7-DC92-4B26-99D2-2D8916DA6C65}.Release|Any CPU.ActiveCfg = Release|Any CPU
		{A4D634D7-DC92-4B26-99D2-2D8916DA6C65}.Release|Any CPU.Build.0 = Release|Any CPU
	EndGlobalSection
	GlobalSection(SolutionProperties) = preSolution
		HideSolutionNode = FALSE
	EndGlobalSection
	GlobalSection(ExtensibilityGlobals) = postSolution
		SolutionGuid = {A339CE95-8191-4305-BFB3-9F9BA3482DB9}
	EndGlobalSection
EndGlobal
