
Microsoft Visual Studio Solution File, Format Version 12.00
# Visual Studio Version 17
VisualStudioVersion = 17.4.33103.184
MinimumVisualStudioVersion = 10.0.40219.1
Project("{FAE04EC0-301F-11D3-BF4B-00C04F79EFBC}") = "Categorias-Clientes", "Categorias-Clientes\Categorias-Clientes.csproj", "{E4AA9472-7644-4267-B38E-AAD4EE3ECAFA}"
EndProject
Project("{FAE04EC0-301F-11D3-BF4B-00C04F79EFBC}") = "Datos", "Datos\Datos.csproj", "{3A09C2C1-44E6-43F5-A021-92C5B829D51F}"
EndProject
Project("{FAE04EC0-301F-11D3-BF4B-00C04F79EFBC}") = "Modelos", "Modelos\Modelos.csproj", "{F8A48C43-BE55-41EE-8DDF-09C8EB764FC8}"
EndProject
Global
	GlobalSection(SolutionConfigurationPlatforms) = preSolution
		Debug|Any CPU = Debug|Any CPU
		Release|Any CPU = Release|Any CPU
	EndGlobalSection
	GlobalSection(ProjectConfigurationPlatforms) = postSolution
		{E4AA9472-7644-4267-B38E-AAD4EE3ECAFA}.Debug|Any CPU.ActiveCfg = Debug|Any CPU
		{E4AA9472-7644-4267-B38E-AAD4EE3ECAFA}.Debug|Any CPU.Build.0 = Debug|Any CPU
		{E4AA9472-7644-4267-B38E-AAD4EE3ECAFA}.Release|Any CPU.ActiveCfg = Release|Any CPU
		{E4AA9472-7644-4267-B38E-AAD4EE3ECAFA}.Release|Any CPU.Build.0 = Release|Any CPU
		{3A09C2C1-44E6-43F5-A021-92C5B829D51F}.Debug|Any CPU.ActiveCfg = Debug|Any CPU
		{3A09C2C1-44E6-43F5-A021-92C5B829D51F}.Debug|Any CPU.Build.0 = Debug|Any CPU
		{3A09C2C1-44E6-43F5-A021-92C5B829D51F}.Release|Any CPU.ActiveCfg = Release|Any CPU
		{3A09C2C1-44E6-43F5-A021-92C5B829D51F}.Release|Any CPU.Build.0 = Release|Any CPU
		{F8A48C43-BE55-41EE-8DDF-09C8EB764FC8}.Debug|Any CPU.ActiveCfg = Debug|Any CPU
		{F8A48C43-BE55-41EE-8DDF-09C8EB764FC8}.Debug|Any CPU.Build.0 = Debug|Any CPU
		{F8A48C43-BE55-41EE-8DDF-09C8EB764FC8}.Release|Any CPU.ActiveCfg = Release|Any CPU
		{F8A48C43-BE55-41EE-8DDF-09C8EB764FC8}.Release|Any CPU.Build.0 = Release|Any CPU
	EndGlobalSection
	GlobalSection(SolutionProperties) = preSolution
		HideSolutionNode = FALSE
	EndGlobalSection
	GlobalSection(ExtensibilityGlobals) = postSolution
		SolutionGuid = {41F18A46-1E15-48FC-A9E4-1261ABB861B4}
	EndGlobalSection
EndGlobal
