
Microsoft Visual Studio Solution File, Format Version 12.00
# Visual Studio Version 17
VisualStudioVersion = 17.3.32819.101
MinimumVisualStudioVersion = 10.0.40219.1
Project("{FAE04EC0-301F-11D3-BF4B-00C04F79EFBC}") = "Juego_Nave", "Juego_Nave\Juego_Nave.csproj", "{811ED4E8-E567-4BA4-A02A-D52FCA6B9719}"
EndProject
Global
	GlobalSection(SolutionConfigurationPlatforms) = preSolution
		Debug|Any CPU = Debug|Any CPU
		Release|Any CPU = Release|Any CPU
	EndGlobalSection
	GlobalSection(ProjectConfigurationPlatforms) = postSolution
		{811ED4E8-E567-4BA4-A02A-D52FCA6B9719}.Debug|Any CPU.ActiveCfg = Debug|Any CPU
		{811ED4E8-E567-4BA4-A02A-D52FCA6B9719}.Debug|Any CPU.Build.0 = Debug|Any CPU
		{811ED4E8-E567-4BA4-A02A-D52FCA6B9719}.Release|Any CPU.ActiveCfg = Release|Any CPU
		{811ED4E8-E567-4BA4-A02A-D52FCA6B9719}.Release|Any CPU.Build.0 = Release|Any CPU
	EndGlobalSection
	GlobalSection(SolutionProperties) = preSolution
		HideSolutionNode = FALSE
	EndGlobalSection
	GlobalSection(ExtensibilityGlobals) = postSolution
		SolutionGuid = {1C0B0FB8-43CF-4D59-9901-4BC3E04AE1ED}
	EndGlobalSection
EndGlobal
